
Microsoft Visual Studio Solution File, Format Version 12.00
# Visual Studio Version 17
VisualStudioVersion = 17.8.34330.188
MinimumVisualStudioVersion = 10.0.40219.1
Project("{FAE04EC0-301F-11D3-BF4B-00C04F79EFBC}") = "Route.C41-G03.PL", "Route.C41-G03.PL\Route.C41-G03.PL.csproj", "{BC31A418-1A1F-40F5-8CFA-657768AD2B25}"
EndProject
Project("{FAE04EC0-301F-11D3-BF4B-00C04F79EFBC}") = "Route.C41-G03.DAL", "Route.C41-G03DAL\Route.C41-G03.DAL.csproj", "{06AC7037-6BB1-40A5-8B95-D6B9FF2D0A16}"
EndProject
Project("{FAE04EC0-301F-11D3-BF4B-00C04F79EFBC}") = "Route.C41-G03.BLL", "Route.C41-G03.BLL\Route.C41-G03.BLL.csproj", "{6EAC8F20-BEC9-4034-9A3C-CC467E6AF117}"
EndProject
Global
	GlobalSection(SolutionConfigurationPlatforms) = preSolution
		Debug|Any CPU = Debug|Any CPU
		Release|Any CPU = Release|Any CPU
	EndGlobalSection
	GlobalSection(ProjectConfigurationPlatforms) = postSolution
		{BC31A418-1A1F-40F5-8CFA-657768AD2B25}.Debug|Any CPU.ActiveCfg = Debug|Any CPU
		{BC31A418-1A1F-40F5-8CFA-657768AD2B25}.Debug|Any CPU.Build.0 = Debug|Any CPU
		{BC31A418-1A1F-40F5-8CFA-657768AD2B25}.Release|Any CPU.ActiveCfg = Release|Any CPU
		{BC31A418-1A1F-40F5-8CFA-657768AD2B25}.Release|Any CPU.Build.0 = Release|Any CPU
		{06AC7037-6BB1-40A5-8B95-D6B9FF2D0A16}.Debug|Any CPU.ActiveCfg = Debug|Any CPU
		{06AC7037-6BB1-40A5-8B95-D6B9FF2D0A16}.Debug|Any CPU.Build.0 = Debug|Any CPU
		{06AC7037-6BB1-40A5-8B95-D6B9FF2D0A16}.Release|Any CPU.ActiveCfg = Release|Any CPU
		{06AC7037-6BB1-40A5-8B95-D6B9FF2D0A16}.Release|Any CPU.Build.0 = Release|Any CPU
		{6EAC8F20-BEC9-4034-9A3C-CC467E6AF117}.Debug|Any CPU.ActiveCfg = Debug|Any CPU
		{6EAC8F20-BEC9-4034-9A3C-CC467E6AF117}.Debug|Any CPU.Build.0 = Debug|Any CPU
		{6EAC8F20-BEC9-4034-9A3C-CC467E6AF117}.Release|Any CPU.ActiveCfg = Release|Any CPU
		{6EAC8F20-BEC9-4034-9A3C-CC467E6AF117}.Release|Any CPU.Build.0 = Release|Any CPU
	EndGlobalSection
	GlobalSection(SolutionProperties) = preSolution
		HideSolutionNode = FALSE
	EndGlobalSection
	GlobalSection(ExtensibilityGlobals) = postSolution
		SolutionGuid = {E1D99A25-DC5F-40B1-B2ED-BCE287EAB7C9}
	EndGlobalSection
EndGlobal
